
Microsoft Visual Studio Solution File, Format Version 12.00
# Visual Studio Version 16
VisualStudioVersion = 16.0.29806.167
MinimumVisualStudioVersion = 10.0.40219.1
Project("{9A19103F-16F7-4668-BE54-9A1E7A4F7556}") = "ZeroTeam.MessageMVC.Abstractions", "src\Core\Abstractions\ZeroTeam.MessageMVC.Abstractions.csproj", "{6D0D775B-D888-4E3C-BD68-A3FDAB04DE2C}"
EndProject
Project("{2150E333-8FDC-42A3-9474-1A3956D46DE8}") = "Core", "Core", "{85554FA9-20AE-4261-A58E-CD36624FEFEB}"
EndProject
Project("{9A19103F-16F7-4668-BE54-9A1E7A4F7556}") = "ZeroTeam.MessageMVC.Core", "src\Core\Core\ZeroTeam.MessageMVC.Core.csproj", "{AF5BCF0B-E4EA-4C3F-B444-DFAF92711E28}"
EndProject
Project("{9A19103F-16F7-4668-BE54-9A1E7A4F7556}") = "ZeroTeam.MessageMVC.Kafka", "src\transfer\kafka\ZeroTeam.MessageMVC.Kafka.csproj", "{9643C0D2-90FB-4952-BAFA-0252559001BF}"
EndProject
Project("{2150E333-8FDC-42A3-9474-1A3956D46DE8}") = "NetTransfer", "NetTransfer", "{484C92F6-14EA-480D-80A8-1318F732A914}"
EndProject
Project("{9A19103F-16F7-4668-BE54-9A1E7A4F7556}") = "ZeroTeam.MessageMVC.RedisMQ", "src\transfer\redis\RedisMQ\ZeroTeam.MessageMVC.RedisMQ.csproj", "{BA540876-3C78-4774-A33E-E8F01593CA67}"
EndProject
Project("{9A19103F-16F7-4668-BE54-9A1E7A4F7556}") = "ZeroTeam.MessageMVC.Http", "src\transfer\Http\ZeroTeam.MessageMVC.Http.csproj", "{0855022D-8028-4ECC-BEE9-A59EFD84E11E}"
EndProject
Project("{9A19103F-16F7-4668-BE54-9A1E7A4F7556}") = "ZeroTeam.MessageMVC.Tools", "src\tools\Tools\ZeroTeam.MessageMVC.Tools.csproj", "{0551D4D6-4310-4FBA-989A-8BF218C7C9EC}"
EndProject
Project("{9A19103F-16F7-4668-BE54-9A1E7A4F7556}") = "ZeroTeam.MessageMVC.ApiContract", "src\tools\Contract\ZeroTeam.MessageMVC.ApiContract.csproj", "{86395C5E-3A90-45F8-A959-C22C157EBF73}"
EndProject
Project("{9A19103F-16F7-4668-BE54-9A1E7A4F7556}") = "ZeroTeam.MessageMVC.Consul", "src\tools\Consul\ZeroTeam.MessageMVC.Consul.csproj", "{A9BC0AD8-38AB-439D-A2B6-74D1883F8D91}"
EndProject
Project("{9A19103F-16F7-4668-BE54-9A1E7A4F7556}") = "ZeroTeam.MessageMVC.RabbitMQ", "src\transfer\Rabbitmq\ZeroTeam.MessageMVC.RabbitMQ.csproj", "{CCC0F453-6C27-4B38-BEDE-68172D828086}"
EndProject
Project("{9A19103F-16F7-4668-BE54-9A1E7A4F7556}") = "Agebull.Common.Extend.Core", "src\Core\Extend\Agebull.Common.Extend.Core.csproj", "{E5542EC2-EA82-4020-BC9E-A254F98D1568}"
EndProject
Project("{9A19103F-16F7-4668-BE54-9A1E7A4F7556}") = "ZeroTeam.MessageMVC.Tcp", "src\transfer\Tcp\ZeroTeam.MessageMVC.Tcp.csproj", "{BE6F88E4-E939-4F4F-8F37-0946FE069A3E}"
EndProject
Project("{9A19103F-16F7-4668-BE54-9A1E7A4F7556}") = "ZeroTeam.MessageMVC.Logging", "src\tools\Logging\ZeroTeam.MessageMVC.Logging.csproj", "{CFE74730-2DF7-417F-BEAF-D827D007C4BD}"
EndProject
Project("{2150E333-8FDC-42A3-9474-1A3956D46DE8}") = "Tools", "Tools", "{F7F72666-66C0-446F-AC39-D7B9CEA0DABE}"
EndProject
Global
	GlobalSection(SolutionConfigurationPlatforms) = preSolution
		Debug|Any CPU = Debug|Any CPU
		Release|Any CPU = Release|Any CPU
	EndGlobalSection
	GlobalSection(ProjectConfigurationPlatforms) = postSolution
		{6D0D775B-D888-4E3C-BD68-A3FDAB04DE2C}.Debug|Any CPU.ActiveCfg = Debug|Any CPU
		{6D0D775B-D888-4E3C-BD68-A3FDAB04DE2C}.Debug|Any CPU.Build.0 = Debug|Any CPU
		{6D0D775B-D888-4E3C-BD68-A3FDAB04DE2C}.Release|Any CPU.ActiveCfg = Release|Any CPU
		{6D0D775B-D888-4E3C-BD68-A3FDAB04DE2C}.Release|Any CPU.Build.0 = Release|Any CPU
		{AF5BCF0B-E4EA-4C3F-B444-DFAF92711E28}.Debug|Any CPU.ActiveCfg = Debug|Any CPU
		{AF5BCF0B-E4EA-4C3F-B444-DFAF92711E28}.Debug|Any CPU.Build.0 = Debug|Any CPU
		{AF5BCF0B-E4EA-4C3F-B444-DFAF92711E28}.Release|Any CPU.ActiveCfg = Release|Any CPU
		{AF5BCF0B-E4EA-4C3F-B444-DFAF92711E28}.Release|Any CPU.Build.0 = Release|Any CPU
		{9643C0D2-90FB-4952-BAFA-0252559001BF}.Debug|Any CPU.ActiveCfg = Debug|Any CPU
		{9643C0D2-90FB-4952-BAFA-0252559001BF}.Debug|Any CPU.Build.0 = Debug|Any CPU
		{9643C0D2-90FB-4952-BAFA-0252559001BF}.Release|Any CPU.ActiveCfg = Release|Any CPU
		{9643C0D2-90FB-4952-BAFA-0252559001BF}.Release|Any CPU.Build.0 = Release|Any CPU
		{BA540876-3C78-4774-A33E-E8F01593CA67}.Debug|Any CPU.ActiveCfg = Debug|Any CPU
		{BA540876-3C78-4774-A33E-E8F01593CA67}.Debug|Any CPU.Build.0 = Debug|Any CPU
		{BA540876-3C78-4774-A33E-E8F01593CA67}.Release|Any CPU.ActiveCfg = Release|Any CPU
		{BA540876-3C78-4774-A33E-E8F01593CA67}.Release|Any CPU.Build.0 = Release|Any CPU
		{0855022D-8028-4ECC-BEE9-A59EFD84E11E}.Debug|Any CPU.ActiveCfg = Debug|Any CPU
		{0855022D-8028-4ECC-BEE9-A59EFD84E11E}.Debug|Any CPU.Build.0 = Debug|Any CPU
		{0855022D-8028-4ECC-BEE9-A59EFD84E11E}.Release|Any CPU.ActiveCfg = Release|Any CPU
		{0855022D-8028-4ECC-BEE9-A59EFD84E11E}.Release|Any CPU.Build.0 = Release|Any CPU
		{0551D4D6-4310-4FBA-989A-8BF218C7C9EC}.Debug|Any CPU.ActiveCfg = Debug|Any CPU
		{0551D4D6-4310-4FBA-989A-8BF218C7C9EC}.Debug|Any CPU.Build.0 = Debug|Any CPU
		{0551D4D6-4310-4FBA-989A-8BF218C7C9EC}.Release|Any CPU.ActiveCfg = Release|Any CPU
		{0551D4D6-4310-4FBA-989A-8BF218C7C9EC}.Release|Any CPU.Build.0 = Release|Any CPU
		{86395C5E-3A90-45F8-A959-C22C157EBF73}.Debug|Any CPU.ActiveCfg = Debug|Any CPU
		{86395C5E-3A90-45F8-A959-C22C157EBF73}.Debug|Any CPU.Build.0 = Debug|Any CPU
		{86395C5E-3A90-45F8-A959-C22C157EBF73}.Release|Any CPU.ActiveCfg = Release|Any CPU
		{86395C5E-3A90-45F8-A959-C22C157EBF73}.Release|Any CPU.Build.0 = Release|Any CPU
		{A9BC0AD8-38AB-439D-A2B6-74D1883F8D91}.Debug|Any CPU.ActiveCfg = Debug|Any CPU
		{A9BC0AD8-38AB-439D-A2B6-74D1883F8D91}.Debug|Any CPU.Build.0 = Debug|Any CPU
		{A9BC0AD8-38AB-439D-A2B6-74D1883F8D91}.Release|Any CPU.ActiveCfg = Release|Any CPU
		{A9BC0AD8-38AB-439D-A2B6-74D1883F8D91}.Release|Any CPU.Build.0 = Release|Any CPU
		{CCC0F453-6C27-4B38-BEDE-68172D828086}.Debug|Any CPU.ActiveCfg = Debug|Any CPU
		{CCC0F453-6C27-4B38-BEDE-68172D828086}.Debug|Any CPU.Build.0 = Debug|Any CPU
		{CCC0F453-6C27-4B38-BEDE-68172D828086}.Release|Any CPU.ActiveCfg = Release|Any CPU
		{CCC0F453-6C27-4B38-BEDE-68172D828086}.Release|Any CPU.Build.0 = Release|Any CPU
		{E5542EC2-EA82-4020-BC9E-A254F98D1568}.Debug|Any CPU.ActiveCfg = Debug|Any CPU
		{E5542EC2-EA82-4020-BC9E-A254F98D1568}.Debug|Any CPU.Build.0 = Debug|Any CPU
		{E5542EC2-EA82-4020-BC9E-A254F98D1568}.Release|Any CPU.ActiveCfg = Release|Any CPU
		{E5542EC2-EA82-4020-BC9E-A254F98D1568}.Release|Any CPU.Build.0 = Release|Any CPU
		{BE6F88E4-E939-4F4F-8F37-0946FE069A3E}.Debug|Any CPU.ActiveCfg = Debug|Any CPU
		{BE6F88E4-E939-4F4F-8F37-0946FE069A3E}.Debug|Any CPU.Build.0 = Debug|Any CPU
		{BE6F88E4-E939-4F4F-8F37-0946FE069A3E}.Release|Any CPU.ActiveCfg = Release|Any CPU
		{BE6F88E4-E939-4F4F-8F37-0946FE069A3E}.Release|Any CPU.Build.0 = Release|Any CPU
		{CFE74730-2DF7-417F-BEAF-D827D007C4BD}.Debug|Any CPU.ActiveCfg = Debug|Any CPU
		{CFE74730-2DF7-417F-BEAF-D827D007C4BD}.Debug|Any CPU.Build.0 = Debug|Any CPU
		{CFE74730-2DF7-417F-BEAF-D827D007C4BD}.Release|Any CPU.ActiveCfg = Release|Any CPU
		{CFE74730-2DF7-417F-BEAF-D827D007C4BD}.Release|Any CPU.Build.0 = Release|Any CPU
	EndGlobalSection
	GlobalSection(SolutionProperties) = preSolution
		HideSolutionNode = FALSE
	EndGlobalSection
	GlobalSection(NestedProjects) = preSolution
		{6D0D775B-D888-4E3C-BD68-A3FDAB04DE2C} = {85554FA9-20AE-4261-A58E-CD36624FEFEB}
		{AF5BCF0B-E4EA-4C3F-B444-DFAF92711E28} = {85554FA9-20AE-4261-A58E-CD36624FEFEB}
		{9643C0D2-90FB-4952-BAFA-0252559001BF} = {484C92F6-14EA-480D-80A8-1318F732A914}
		{BA540876-3C78-4774-A33E-E8F01593CA67} = {484C92F6-14EA-480D-80A8-1318F732A914}
		{0855022D-8028-4ECC-BEE9-A59EFD84E11E} = {484C92F6-14EA-480D-80A8-1318F732A914}
		{0551D4D6-4310-4FBA-989A-8BF218C7C9EC} = {F7F72666-66C0-446F-AC39-D7B9CEA0DABE}
		{86395C5E-3A90-45F8-A959-C22C157EBF73} = {F7F72666-66C0-446F-AC39-D7B9CEA0DABE}
		{A9BC0AD8-38AB-439D-A2B6-74D1883F8D91} = {F7F72666-66C0-446F-AC39-D7B9CEA0DABE}
		{CCC0F453-6C27-4B38-BEDE-68172D828086} = {484C92F6-14EA-480D-80A8-1318F732A914}
		{E5542EC2-EA82-4020-BC9E-A254F98D1568} = {85554FA9-20AE-4261-A58E-CD36624FEFEB}
		{BE6F88E4-E939-4F4F-8F37-0946FE069A3E} = {484C92F6-14EA-480D-80A8-1318F732A914}
		{CFE74730-2DF7-417F-BEAF-D827D007C4BD} = {F7F72666-66C0-446F-AC39-D7B9CEA0DABE}
	EndGlobalSection
	GlobalSection(ExtensibilityGlobals) = postSolution
		SolutionGuid = {866CE928-6325-4962-BB28-9A3BAF4BBCD1}
	EndGlobalSection
EndGlobal
