
Microsoft Visual Studio Solution File, Format Version 12.00
# Visual Studio Version 16
VisualStudioVersion = 16.0.29806.167
MinimumVisualStudioVersion = 10.0.40219.1
Project("{9A19103F-16F7-4668-BE54-9A1E7A4F7556}") = "ZeroTeam.MessageMVC.Abstractions", "src\Core\Abstractions\ZeroTeam.MessageMVC.Abstractions.csproj", "{6D0D775B-D888-4E3C-BD68-A3FDAB04DE2C}"
EndProject
Project("{2150E333-8FDC-42A3-9474-1A3956D46DE8}") = "Core", "Core", "{85554FA9-20AE-4261-A58E-CD36624FEFEB}"
EndProject
Project("{9A19103F-16F7-4668-BE54-9A1E7A4F7556}") = "ZeroTeam.MessageMVC.Core", "src\Core\Core\ZeroTeam.MessageMVC.Core.csproj", "{AF5BCF0B-E4EA-4C3F-B444-DFAF92711E28}"
EndProject
Project("{2150E333-8FDC-42A3-9474-1A3956D46DE8}") = "Kafka", "Kafka", "{D7F1C9FB-F240-43BE-AE80-4FDE698A3ECF}"
EndProject
Project("{9A19103F-16F7-4668-BE54-9A1E7A4F7556}") = "ZeroTeam.MessageMVC.Kafka", "src\transfer\kafka\ZeroTeam.MessageMVC.Kafka.csproj", "{9643C0D2-90FB-4952-BAFA-0252559001BF}"
EndProject
Project("{2150E333-8FDC-42A3-9474-1A3956D46DE8}") = "src", "src", "{7CF8A384-37FA-484D-8D99-61CED654D0FB}"
EndProject
Project("{2150E333-8FDC-42A3-9474-1A3956D46DE8}") = "doc", "doc", "{78391F4E-D2DF-4373-B40C-28517937E5A5}"
	ProjectSection(SolutionItems) = preProject
		doc\flow mind.md = doc\flow mind.md
		doc\IMessageReceiver.md = doc\IMessageReceiver.md
		doc\MessageMVC设计规范.md = doc\MessageMVC设计规范.md
		doc\MessagePoster.md = doc\MessagePoster.md
		doc\MessageProcessor.md = doc\MessageProcessor.md
		doc\messageProcess高级功能.md = doc\messageProcess高级功能.md
		readme.md = readme.md
		doc\ZeroTeam.MessageMVC.RedisMQ\readme.md = doc\ZeroTeam.MessageMVC.RedisMQ\readme.md
		doc\zero service状态机.md = doc\zero service状态机.md
		doc\ZeroFlowControl(1).md = doc\ZeroFlowControl(1).md
		doc\ZeroFlowControl.md = doc\ZeroFlowControl.md
		doc\zerorpc.md = doc\zerorpc.md
		doc\中间件列表.md = doc\中间件列表.md
		doc\功能组件总览.md = doc\功能组件总览.md
		doc\基于messageMVC的网关.md = doc\基于messageMVC的网关.md
		doc\带异步调用回执发送.md = doc\带异步调用回执发送.md
		doc\消息层面的链路追踪.md = doc\消息层面的链路追踪.md
		doc\生产目标.md = doc\生产目标.md
	EndProjectSection
EndProject
Project("{2150E333-8FDC-42A3-9474-1A3956D46DE8}") = "NetTransfer", "NetTransfer", "{484C92F6-14EA-480D-80A8-1318F732A914}"
EndProject
Project("{2150E333-8FDC-42A3-9474-1A3956D46DE8}") = "Redis", "Redis", "{10FF3634-BFDE-4E18-9F91-406A590FC7A1}"
EndProject
Project("{9A19103F-16F7-4668-BE54-9A1E7A4F7556}") = "ZeroTeam.MessageMVC.RedisMQ", "src\transfer\redis\RedisMQ\ZeroTeam.MessageMVC.RedisMQ.csproj", "{BA540876-3C78-4774-A33E-E8F01593CA67}"
EndProject
Project("{2150E333-8FDC-42A3-9474-1A3956D46DE8}") = "Http", "Http", "{0C528260-C7A5-45D9-A118-C2D1E5231EF0}"
EndProject
Project("{9A19103F-16F7-4668-BE54-9A1E7A4F7556}") = "ZeroTeam.MessageMVC.Http", "src\transfer\Http\ZeroTeam.MessageMVC.Http.csproj", "{0855022D-8028-4ECC-BEE9-A59EFD84E11E}"
EndProject
Project("{2150E333-8FDC-42A3-9474-1A3956D46DE8}") = "sample", "sample", "{0474706D-4F72-454C-9E28-C43AC2F2629E}"
EndProject
Project("{9A19103F-16F7-4668-BE54-9A1E7A4F7556}") = "ZeroTeam.MessageMVC.Http.Sample", "src\sample\Http\ZeroTeam.MessageMVC.Http.Sample.csproj", "{643F9E44-BB3E-4116-99B1-4F8DE1409750}"
EndProject
Project("{9A19103F-16F7-4668-BE54-9A1E7A4F7556}") = "ZeroTeam.MessageMVC.Kafka.Sample", "src\sample\Kafka\ZeroTeam.MessageMVC.Kafka.Sample.csproj", "{9734F69F-22B1-47A4-AE54-DBE7D6945FF3}"
EndProject
Project("{9A19103F-16F7-4668-BE54-9A1E7A4F7556}") = "ZeroTeam.MessageMVC.RedisMQ.Sample", "src\sample\Redis\ZeroTeam.MessageMVC.RedisMQ.Sample.csproj", "{E924A897-C665-4693-B58F-EDB9EDCA0416}"
EndProject
Project("{2150E333-8FDC-42A3-9474-1A3956D46DE8}") = "test", "test", "{E1BA22EE-D8CB-4C1A-B88F-C14B9FC3C855}"
EndProject
Project("{9A19103F-16F7-4668-BE54-9A1E7A4F7556}") = "PlanUnitTest", "src\UnitTest\PlanUnitTest\PlanUnitTest.csproj", "{53C0044E-A6F3-45A6-B03B-2CF65E1B4A73}"
EndProject
Project("{9A19103F-16F7-4668-BE54-9A1E7A4F7556}") = "ZeroTeam.MessageMVC.MulitNetTransfer.Sample", "src\sample\Mulit\ZeroTeam.MessageMVC.MulitNetTransfer.Sample.csproj", "{C401BFD3-8CE7-460D-B12C-8C46020BE6EF}"
EndProject
Project("{2150E333-8FDC-42A3-9474-1A3956D46DE8}") = "viso", "viso", "{92DA5BC7-8FFD-489A-AE7C-40506F081902}"
	ProjectSection(SolutionItems) = preProject
		doc\Flow\ApiDiscove.png = doc\Flow\ApiDiscove.png
		doc\Flow\CheckOption.png = doc\Flow\CheckOption.png
		doc\Flow\Flow.png = doc\Flow\Flow.png
		doc\Flow\Flow.vsdx = doc\Flow\Flow.vsdx
		doc\Flow\Flow_2.png = doc\Flow\Flow_2.png
		doc\Flow\Initialize.png = doc\Flow\Initialize.png
		doc\Flow\IO.png = doc\Flow\IO.png
		doc\Flow\MessageMVC.xmind = doc\Flow\MessageMVC.xmind
		doc\Flow\MessageProcess.png = doc\Flow\MessageProcess.png
		doc\Flow\Model.png = doc\Flow\Model.png
		doc\Flow\Shutdown.png = doc\Flow\Shutdown.png
		doc\Flow\Start.png = doc\Flow\Start.png
	EndProjectSection
EndProject
Project("{9A19103F-16F7-4668-BE54-9A1E7A4F7556}") = "ZeroTeam.MessageMVC.Tools", "src\tools\Tools\ZeroTeam.MessageMVC.Tools.csproj", "{0551D4D6-4310-4FBA-989A-8BF218C7C9EC}"
EndProject
Project("{9A19103F-16F7-4668-BE54-9A1E7A4F7556}") = "ILTest", "src\sample\ILTest\ILTest.csproj", "{3E27B25B-B7A4-40A4-BBCC-210F4C78C29B}"
EndProject
Project("{9A19103F-16F7-4668-BE54-9A1E7A4F7556}") = "DiscoryTest", "src\UnitTest\DiscoryTest\DiscoryTest.csproj", "{D9FF7638-4D38-440A-82BE-01C478C52206}"
EndProject
Project("{9A19103F-16F7-4668-BE54-9A1E7A4F7556}") = "XUnitTest_ApiDiscover", "src\UnitTest\XUnitTest_ApiDiscory\XUnitTest_ApiDiscover.csproj", "{82DD92D0-8556-45C9-A3EA-2C4F7D7DEBB3}"
EndProject
Project("{9A19103F-16F7-4668-BE54-9A1E7A4F7556}") = "ZeroTeam.MessageMVC.ApiContract", "src\tools\Contract\ZeroTeam.MessageMVC.ApiContract.csproj", "{86395C5E-3A90-45F8-A959-C22C157EBF73}"
EndProject
Project("{9A19103F-16F7-4668-BE54-9A1E7A4F7556}") = "ConsoleTest", "src\UnitTest\ConsoleTest\ConsoleTest.csproj", "{AC750DDA-7984-49AE-ACF4-C97657129BD9}"
EndProject
Project("{9A19103F-16F7-4668-BE54-9A1E7A4F7556}") = "ZeroTeam.MessageMVC.Consul", "src\tools\Consul\ZeroTeam.MessageMVC.Consul.csproj", "{90D888A9-3561-45B7-B601-D1A2DB383807}"
EndProject
Project("{2150E333-8FDC-42A3-9474-1A3956D46DE8}") = "Tools", "Tools", "{9326B16E-84B4-42BB-BFB7-F7A798CEDABB}"
EndProject
Project("{2150E333-8FDC-42A3-9474-1A3956D46DE8}") = "Rabbitmq", "Rabbitmq", "{30808DAC-B781-4975-9E33-A5B85F379AC9}"
EndProject
Project("{9A19103F-16F7-4668-BE54-9A1E7A4F7556}") = "ZeroTeam.MessageMVC.RabbitMQ", "src\transfer\Rabbitmq\ZeroTeam.MessageMVC.RabbitMQ.csproj", "{54DD9D96-2B9B-42C2-A3F0-F67FB704EB65}"
EndProject
Project("{9A19103F-16F7-4668-BE54-9A1E7A4F7556}") = "ZeroTeam.MessageMVC.RabbitMQ.Sample", "src\sample\Rabbit\ZeroTeam.MessageMVC.RabbitMQ.Sample.csproj", "{05B0E307-BEE8-477C-A1E6-D75D3EE6AEF9}"
EndProject
Project("{9A19103F-16F7-4668-BE54-9A1E7A4F7556}") = "Agebull.Common.Extend.Core", "src\Core\Extend\Agebull.Common.Extend.Core.csproj", "{550D3963-C1FD-4493-A66F-76DDCF0D07D6}"
EndProject
Project("{9A19103F-16F7-4668-BE54-9A1E7A4F7556}") = "ZeroTeam.MessageMVC.PageInfoAutoSave", "src\tools\PageInfoAutoSave\ZeroTeam.MessageMVC.PageInfoAutoSave.csproj", "{24EDE225-451C-47C2-98D6-A7365CB3C985}"
EndProject
Project("{2150E333-8FDC-42A3-9474-1A3956D46DE8}") = "BeetleX", "BeetleX", "{81072A46-14AF-4AAA-83E0-F05E2F4E480A}"
EndProject
Project("{9A19103F-16F7-4668-BE54-9A1E7A4F7556}") = "ZeroTeam.MessageMVC.Tcp", "src\transfer\Tcp\ZeroTeam.MessageMVC.Tcp.csproj", "{E309D56A-9FCC-45CE-8DF8-50B86A506996}"
EndProject
Project("{9A19103F-16F7-4668-BE54-9A1E7A4F7556}") = "ZeroTeam.MessageMVC.Tcp.Sample", "src\sample\Tcp\ZeroTeam.MessageMVC.Tcp.Sample.csproj", "{D8C8CA86-5020-4A6D-8585-DD3F47E583A4}"
EndProject
Project("{9A19103F-16F7-4668-BE54-9A1E7A4F7556}") = "ZeroTeam.MessageMVC.Logging", "src\tools\Logging\ZeroTeam.MessageMVC.Logging.csproj", "{66B97F20-C5B5-4035-9EBA-2B1286FF4876}"
EndProject
Project("{9A19103F-16F7-4668-BE54-9A1E7A4F7556}") = "ZeroTeam.MessageMVC.FastHttpApi", "src\transfer\FastHttpApi\ZeroTeam.MessageMVC.FastHttpApi.csproj", "{EAAF0190-A375-430A-AED0-DF4C698CD4C5}"
EndProject
Project("{9A19103F-16F7-4668-BE54-9A1E7A4F7556}") = "ZeroTeam.MessageMVC.FastHttpApi.Sample", "src\sample\FastHttpApi\ZeroTeam.MessageMVC.FastHttpApi.Sample.csproj", "{D8E3E5E5-6838-4893-B3D9-05A7D447DD62}"
EndProject
Project("{FAE04EC0-301F-11D3-BF4B-00C04F79EFBC}") = "ZeroTeam.MessageMVC.Services", "src\tools\ZeroTeamService\ZeroTeam.MessageMVC.Services.csproj", "{10D655DD-A600-420E-9605-86ECC4A6547C}"
EndProject
Project("{2150E333-8FDC-42A3-9474-1A3956D46DE8}") = "Service", "Service", "{B01EC0F5-960D-46C0-B8A1-B2E863976933}"
EndProject
Global
	GlobalSection(SolutionConfigurationPlatforms) = preSolution
		Debug|Any CPU = Debug|Any CPU
		Release|Any CPU = Release|Any CPU
	EndGlobalSection
	GlobalSection(ProjectConfigurationPlatforms) = postSolution
		{6D0D775B-D888-4E3C-BD68-A3FDAB04DE2C}.Debug|Any CPU.ActiveCfg = Debug|Any CPU
		{6D0D775B-D888-4E3C-BD68-A3FDAB04DE2C}.Debug|Any CPU.Build.0 = Debug|Any CPU
		{6D0D775B-D888-4E3C-BD68-A3FDAB04DE2C}.Release|Any CPU.ActiveCfg = Release|Any CPU
		{6D0D775B-D888-4E3C-BD68-A3FDAB04DE2C}.Release|Any CPU.Build.0 = Release|Any CPU
		{AF5BCF0B-E4EA-4C3F-B444-DFAF92711E28}.Debug|Any CPU.ActiveCfg = Debug|Any CPU
		{AF5BCF0B-E4EA-4C3F-B444-DFAF92711E28}.Debug|Any CPU.Build.0 = Debug|Any CPU
		{AF5BCF0B-E4EA-4C3F-B444-DFAF92711E28}.Release|Any CPU.ActiveCfg = Release|Any CPU
		{AF5BCF0B-E4EA-4C3F-B444-DFAF92711E28}.Release|Any CPU.Build.0 = Release|Any CPU
		{9643C0D2-90FB-4952-BAFA-0252559001BF}.Debug|Any CPU.ActiveCfg = Debug|Any CPU
		{9643C0D2-90FB-4952-BAFA-0252559001BF}.Debug|Any CPU.Build.0 = Debug|Any CPU
		{9643C0D2-90FB-4952-BAFA-0252559001BF}.Release|Any CPU.ActiveCfg = Release|Any CPU
		{9643C0D2-90FB-4952-BAFA-0252559001BF}.Release|Any CPU.Build.0 = Release|Any CPU
		{BA540876-3C78-4774-A33E-E8F01593CA67}.Debug|Any CPU.ActiveCfg = Debug|Any CPU
		{BA540876-3C78-4774-A33E-E8F01593CA67}.Debug|Any CPU.Build.0 = Debug|Any CPU
		{BA540876-3C78-4774-A33E-E8F01593CA67}.Release|Any CPU.ActiveCfg = Release|Any CPU
		{BA540876-3C78-4774-A33E-E8F01593CA67}.Release|Any CPU.Build.0 = Release|Any CPU
		{0855022D-8028-4ECC-BEE9-A59EFD84E11E}.Debug|Any CPU.ActiveCfg = Debug|Any CPU
		{0855022D-8028-4ECC-BEE9-A59EFD84E11E}.Debug|Any CPU.Build.0 = Debug|Any CPU
		{0855022D-8028-4ECC-BEE9-A59EFD84E11E}.Release|Any CPU.ActiveCfg = Release|Any CPU
		{0855022D-8028-4ECC-BEE9-A59EFD84E11E}.Release|Any CPU.Build.0 = Release|Any CPU
		{643F9E44-BB3E-4116-99B1-4F8DE1409750}.Debug|Any CPU.ActiveCfg = Debug|Any CPU
		{643F9E44-BB3E-4116-99B1-4F8DE1409750}.Debug|Any CPU.Build.0 = Debug|Any CPU
		{643F9E44-BB3E-4116-99B1-4F8DE1409750}.Release|Any CPU.ActiveCfg = Release|Any CPU
		{643F9E44-BB3E-4116-99B1-4F8DE1409750}.Release|Any CPU.Build.0 = Release|Any CPU
		{9734F69F-22B1-47A4-AE54-DBE7D6945FF3}.Debug|Any CPU.ActiveCfg = Debug|Any CPU
		{9734F69F-22B1-47A4-AE54-DBE7D6945FF3}.Debug|Any CPU.Build.0 = Debug|Any CPU
		{9734F69F-22B1-47A4-AE54-DBE7D6945FF3}.Release|Any CPU.ActiveCfg = Release|Any CPU
		{9734F69F-22B1-47A4-AE54-DBE7D6945FF3}.Release|Any CPU.Build.0 = Release|Any CPU
		{E924A897-C665-4693-B58F-EDB9EDCA0416}.Debug|Any CPU.ActiveCfg = Debug|Any CPU
		{E924A897-C665-4693-B58F-EDB9EDCA0416}.Debug|Any CPU.Build.0 = Debug|Any CPU
		{E924A897-C665-4693-B58F-EDB9EDCA0416}.Release|Any CPU.ActiveCfg = Release|Any CPU
		{E924A897-C665-4693-B58F-EDB9EDCA0416}.Release|Any CPU.Build.0 = Release|Any CPU
		{53C0044E-A6F3-45A6-B03B-2CF65E1B4A73}.Debug|Any CPU.ActiveCfg = Debug|Any CPU
		{53C0044E-A6F3-45A6-B03B-2CF65E1B4A73}.Debug|Any CPU.Build.0 = Debug|Any CPU
		{53C0044E-A6F3-45A6-B03B-2CF65E1B4A73}.Release|Any CPU.ActiveCfg = Release|Any CPU
		{53C0044E-A6F3-45A6-B03B-2CF65E1B4A73}.Release|Any CPU.Build.0 = Release|Any CPU
		{C401BFD3-8CE7-460D-B12C-8C46020BE6EF}.Debug|Any CPU.ActiveCfg = Debug|Any CPU
		{C401BFD3-8CE7-460D-B12C-8C46020BE6EF}.Debug|Any CPU.Build.0 = Debug|Any CPU
		{C401BFD3-8CE7-460D-B12C-8C46020BE6EF}.Release|Any CPU.ActiveCfg = Release|Any CPU
		{C401BFD3-8CE7-460D-B12C-8C46020BE6EF}.Release|Any CPU.Build.0 = Release|Any CPU
		{0551D4D6-4310-4FBA-989A-8BF218C7C9EC}.Debug|Any CPU.ActiveCfg = Debug|Any CPU
		{0551D4D6-4310-4FBA-989A-8BF218C7C9EC}.Debug|Any CPU.Build.0 = Debug|Any CPU
		{0551D4D6-4310-4FBA-989A-8BF218C7C9EC}.Release|Any CPU.ActiveCfg = Release|Any CPU
		{0551D4D6-4310-4FBA-989A-8BF218C7C9EC}.Release|Any CPU.Build.0 = Release|Any CPU
		{3E27B25B-B7A4-40A4-BBCC-210F4C78C29B}.Debug|Any CPU.ActiveCfg = Debug|Any CPU
		{3E27B25B-B7A4-40A4-BBCC-210F4C78C29B}.Debug|Any CPU.Build.0 = Debug|Any CPU
		{3E27B25B-B7A4-40A4-BBCC-210F4C78C29B}.Release|Any CPU.ActiveCfg = Release|Any CPU
		{3E27B25B-B7A4-40A4-BBCC-210F4C78C29B}.Release|Any CPU.Build.0 = Release|Any CPU
		{D9FF7638-4D38-440A-82BE-01C478C52206}.Debug|Any CPU.ActiveCfg = Debug|Any CPU
		{D9FF7638-4D38-440A-82BE-01C478C52206}.Debug|Any CPU.Build.0 = Debug|Any CPU
		{D9FF7638-4D38-440A-82BE-01C478C52206}.Release|Any CPU.ActiveCfg = Release|Any CPU
		{D9FF7638-4D38-440A-82BE-01C478C52206}.Release|Any CPU.Build.0 = Release|Any CPU
		{82DD92D0-8556-45C9-A3EA-2C4F7D7DEBB3}.Debug|Any CPU.ActiveCfg = Debug|Any CPU
		{82DD92D0-8556-45C9-A3EA-2C4F7D7DEBB3}.Debug|Any CPU.Build.0 = Debug|Any CPU
		{82DD92D0-8556-45C9-A3EA-2C4F7D7DEBB3}.Release|Any CPU.ActiveCfg = Release|Any CPU
		{82DD92D0-8556-45C9-A3EA-2C4F7D7DEBB3}.Release|Any CPU.Build.0 = Release|Any CPU
		{86395C5E-3A90-45F8-A959-C22C157EBF73}.Debug|Any CPU.ActiveCfg = Debug|Any CPU
		{86395C5E-3A90-45F8-A959-C22C157EBF73}.Debug|Any CPU.Build.0 = Debug|Any CPU
		{86395C5E-3A90-45F8-A959-C22C157EBF73}.Release|Any CPU.ActiveCfg = Release|Any CPU
		{86395C5E-3A90-45F8-A959-C22C157EBF73}.Release|Any CPU.Build.0 = Release|Any CPU
		{AC750DDA-7984-49AE-ACF4-C97657129BD9}.Debug|Any CPU.ActiveCfg = Debug|Any CPU
		{AC750DDA-7984-49AE-ACF4-C97657129BD9}.Debug|Any CPU.Build.0 = Debug|Any CPU
		{AC750DDA-7984-49AE-ACF4-C97657129BD9}.Release|Any CPU.ActiveCfg = Release|Any CPU
		{AC750DDA-7984-49AE-ACF4-C97657129BD9}.Release|Any CPU.Build.0 = Release|Any CPU
		{90D888A9-3561-45B7-B601-D1A2DB383807}.Debug|Any CPU.ActiveCfg = Debug|Any CPU
		{90D888A9-3561-45B7-B601-D1A2DB383807}.Debug|Any CPU.Build.0 = Debug|Any CPU
		{90D888A9-3561-45B7-B601-D1A2DB383807}.Release|Any CPU.ActiveCfg = Release|Any CPU
		{90D888A9-3561-45B7-B601-D1A2DB383807}.Release|Any CPU.Build.0 = Release|Any CPU
		{54DD9D96-2B9B-42C2-A3F0-F67FB704EB65}.Debug|Any CPU.ActiveCfg = Debug|Any CPU
		{54DD9D96-2B9B-42C2-A3F0-F67FB704EB65}.Debug|Any CPU.Build.0 = Debug|Any CPU
		{54DD9D96-2B9B-42C2-A3F0-F67FB704EB65}.Release|Any CPU.ActiveCfg = Release|Any CPU
		{54DD9D96-2B9B-42C2-A3F0-F67FB704EB65}.Release|Any CPU.Build.0 = Release|Any CPU
		{05B0E307-BEE8-477C-A1E6-D75D3EE6AEF9}.Debug|Any CPU.ActiveCfg = Debug|Any CPU
		{05B0E307-BEE8-477C-A1E6-D75D3EE6AEF9}.Debug|Any CPU.Build.0 = Debug|Any CPU
		{05B0E307-BEE8-477C-A1E6-D75D3EE6AEF9}.Release|Any CPU.ActiveCfg = Release|Any CPU
		{05B0E307-BEE8-477C-A1E6-D75D3EE6AEF9}.Release|Any CPU.Build.0 = Release|Any CPU
		{550D3963-C1FD-4493-A66F-76DDCF0D07D6}.Debug|Any CPU.ActiveCfg = Debug|Any CPU
		{550D3963-C1FD-4493-A66F-76DDCF0D07D6}.Debug|Any CPU.Build.0 = Debug|Any CPU
		{550D3963-C1FD-4493-A66F-76DDCF0D07D6}.Release|Any CPU.ActiveCfg = Release|Any CPU
		{550D3963-C1FD-4493-A66F-76DDCF0D07D6}.Release|Any CPU.Build.0 = Release|Any CPU
		{24EDE225-451C-47C2-98D6-A7365CB3C985}.Debug|Any CPU.ActiveCfg = Debug|Any CPU
		{24EDE225-451C-47C2-98D6-A7365CB3C985}.Debug|Any CPU.Build.0 = Debug|Any CPU
		{24EDE225-451C-47C2-98D6-A7365CB3C985}.Release|Any CPU.ActiveCfg = Release|Any CPU
		{24EDE225-451C-47C2-98D6-A7365CB3C985}.Release|Any CPU.Build.0 = Release|Any CPU
		{E309D56A-9FCC-45CE-8DF8-50B86A506996}.Debug|Any CPU.ActiveCfg = Debug|Any CPU
		{E309D56A-9FCC-45CE-8DF8-50B86A506996}.Debug|Any CPU.Build.0 = Debug|Any CPU
		{E309D56A-9FCC-45CE-8DF8-50B86A506996}.Release|Any CPU.ActiveCfg = Release|Any CPU
		{E309D56A-9FCC-45CE-8DF8-50B86A506996}.Release|Any CPU.Build.0 = Release|Any CPU
		{D8C8CA86-5020-4A6D-8585-DD3F47E583A4}.Debug|Any CPU.ActiveCfg = Debug|Any CPU
		{D8C8CA86-5020-4A6D-8585-DD3F47E583A4}.Debug|Any CPU.Build.0 = Debug|Any CPU
		{D8C8CA86-5020-4A6D-8585-DD3F47E583A4}.Release|Any CPU.ActiveCfg = Release|Any CPU
		{D8C8CA86-5020-4A6D-8585-DD3F47E583A4}.Release|Any CPU.Build.0 = Release|Any CPU
		{66B97F20-C5B5-4035-9EBA-2B1286FF4876}.Debug|Any CPU.ActiveCfg = Debug|Any CPU
		{66B97F20-C5B5-4035-9EBA-2B1286FF4876}.Debug|Any CPU.Build.0 = Debug|Any CPU
		{66B97F20-C5B5-4035-9EBA-2B1286FF4876}.Release|Any CPU.ActiveCfg = Release|Any CPU
		{66B97F20-C5B5-4035-9EBA-2B1286FF4876}.Release|Any CPU.Build.0 = Release|Any CPU
		{EAAF0190-A375-430A-AED0-DF4C698CD4C5}.Debug|Any CPU.ActiveCfg = Debug|Any CPU
		{EAAF0190-A375-430A-AED0-DF4C698CD4C5}.Debug|Any CPU.Build.0 = Debug|Any CPU
		{EAAF0190-A375-430A-AED0-DF4C698CD4C5}.Release|Any CPU.ActiveCfg = Release|Any CPU
		{EAAF0190-A375-430A-AED0-DF4C698CD4C5}.Release|Any CPU.Build.0 = Release|Any CPU
		{D8E3E5E5-6838-4893-B3D9-05A7D447DD62}.Debug|Any CPU.ActiveCfg = Debug|Any CPU
		{D8E3E5E5-6838-4893-B3D9-05A7D447DD62}.Debug|Any CPU.Build.0 = Debug|Any CPU
		{D8E3E5E5-6838-4893-B3D9-05A7D447DD62}.Release|Any CPU.ActiveCfg = Release|Any CPU
		{D8E3E5E5-6838-4893-B3D9-05A7D447DD62}.Release|Any CPU.Build.0 = Release|Any CPU
		{10D655DD-A600-420E-9605-86ECC4A6547C}.Debug|Any CPU.ActiveCfg = Debug|Any CPU
		{10D655DD-A600-420E-9605-86ECC4A6547C}.Debug|Any CPU.Build.0 = Debug|Any CPU
		{10D655DD-A600-420E-9605-86ECC4A6547C}.Release|Any CPU.ActiveCfg = Release|Any CPU
		{10D655DD-A600-420E-9605-86ECC4A6547C}.Release|Any CPU.Build.0 = Release|Any CPU
	EndGlobalSection
	GlobalSection(SolutionProperties) = preSolution
		HideSolutionNode = FALSE
	EndGlobalSection
	GlobalSection(NestedProjects) = preSolution
		{6D0D775B-D888-4E3C-BD68-A3FDAB04DE2C} = {85554FA9-20AE-4261-A58E-CD36624FEFEB}
		{85554FA9-20AE-4261-A58E-CD36624FEFEB} = {7CF8A384-37FA-484D-8D99-61CED654D0FB}
		{AF5BCF0B-E4EA-4C3F-B444-DFAF92711E28} = {85554FA9-20AE-4261-A58E-CD36624FEFEB}
		{D7F1C9FB-F240-43BE-AE80-4FDE698A3ECF} = {484C92F6-14EA-480D-80A8-1318F732A914}
		{9643C0D2-90FB-4952-BAFA-0252559001BF} = {D7F1C9FB-F240-43BE-AE80-4FDE698A3ECF}
		{484C92F6-14EA-480D-80A8-1318F732A914} = {7CF8A384-37FA-484D-8D99-61CED654D0FB}
		{10FF3634-BFDE-4E18-9F91-406A590FC7A1} = {484C92F6-14EA-480D-80A8-1318F732A914}
		{BA540876-3C78-4774-A33E-E8F01593CA67} = {10FF3634-BFDE-4E18-9F91-406A590FC7A1}
		{0C528260-C7A5-45D9-A118-C2D1E5231EF0} = {484C92F6-14EA-480D-80A8-1318F732A914}
		{0855022D-8028-4ECC-BEE9-A59EFD84E11E} = {0C528260-C7A5-45D9-A118-C2D1E5231EF0}
		{643F9E44-BB3E-4116-99B1-4F8DE1409750} = {0474706D-4F72-454C-9E28-C43AC2F2629E}
		{9734F69F-22B1-47A4-AE54-DBE7D6945FF3} = {0474706D-4F72-454C-9E28-C43AC2F2629E}
		{E924A897-C665-4693-B58F-EDB9EDCA0416} = {0474706D-4F72-454C-9E28-C43AC2F2629E}
		{53C0044E-A6F3-45A6-B03B-2CF65E1B4A73} = {E1BA22EE-D8CB-4C1A-B88F-C14B9FC3C855}
		{C401BFD3-8CE7-460D-B12C-8C46020BE6EF} = {0474706D-4F72-454C-9E28-C43AC2F2629E}
		{92DA5BC7-8FFD-489A-AE7C-40506F081902} = {78391F4E-D2DF-4373-B40C-28517937E5A5}
		{0551D4D6-4310-4FBA-989A-8BF218C7C9EC} = {9326B16E-84B4-42BB-BFB7-F7A798CEDABB}
		{3E27B25B-B7A4-40A4-BBCC-210F4C78C29B} = {E1BA22EE-D8CB-4C1A-B88F-C14B9FC3C855}
		{D9FF7638-4D38-440A-82BE-01C478C52206} = {E1BA22EE-D8CB-4C1A-B88F-C14B9FC3C855}
		{82DD92D0-8556-45C9-A3EA-2C4F7D7DEBB3} = {E1BA22EE-D8CB-4C1A-B88F-C14B9FC3C855}
		{86395C5E-3A90-45F8-A959-C22C157EBF73} = {9326B16E-84B4-42BB-BFB7-F7A798CEDABB}
		{AC750DDA-7984-49AE-ACF4-C97657129BD9} = {E1BA22EE-D8CB-4C1A-B88F-C14B9FC3C855}
		{90D888A9-3561-45B7-B601-D1A2DB383807} = {9326B16E-84B4-42BB-BFB7-F7A798CEDABB}
		{9326B16E-84B4-42BB-BFB7-F7A798CEDABB} = {7CF8A384-37FA-484D-8D99-61CED654D0FB}
		{30808DAC-B781-4975-9E33-A5B85F379AC9} = {484C92F6-14EA-480D-80A8-1318F732A914}
		{54DD9D96-2B9B-42C2-A3F0-F67FB704EB65} = {30808DAC-B781-4975-9E33-A5B85F379AC9}
		{05B0E307-BEE8-477C-A1E6-D75D3EE6AEF9} = {0474706D-4F72-454C-9E28-C43AC2F2629E}
		{550D3963-C1FD-4493-A66F-76DDCF0D07D6} = {85554FA9-20AE-4261-A58E-CD36624FEFEB}
		{24EDE225-451C-47C2-98D6-A7365CB3C985} = {9326B16E-84B4-42BB-BFB7-F7A798CEDABB}
		{81072A46-14AF-4AAA-83E0-F05E2F4E480A} = {484C92F6-14EA-480D-80A8-1318F732A914}
		{E309D56A-9FCC-45CE-8DF8-50B86A506996} = {81072A46-14AF-4AAA-83E0-F05E2F4E480A}
		{D8C8CA86-5020-4A6D-8585-DD3F47E583A4} = {0474706D-4F72-454C-9E28-C43AC2F2629E}
		{66B97F20-C5B5-4035-9EBA-2B1286FF4876} = {9326B16E-84B4-42BB-BFB7-F7A798CEDABB}
		{EAAF0190-A375-430A-AED0-DF4C698CD4C5} = {81072A46-14AF-4AAA-83E0-F05E2F4E480A}
		{D8E3E5E5-6838-4893-B3D9-05A7D447DD62} = {0474706D-4F72-454C-9E28-C43AC2F2629E}
		{10D655DD-A600-420E-9605-86ECC4A6547C} = {B01EC0F5-960D-46C0-B8A1-B2E863976933}
		{B01EC0F5-960D-46C0-B8A1-B2E863976933} = {7CF8A384-37FA-484D-8D99-61CED654D0FB}
	EndGlobalSection
	GlobalSection(ExtensibilityGlobals) = postSolution
		SolutionGuid = {866CE928-6325-4962-BB28-9A3BAF4BBCD1}
	EndGlobalSection
EndGlobal
