
Microsoft Visual Studio Solution File, Format Version 12.00
# Visual Studio Version 16
VisualStudioVersion = 16.0.29806.167
MinimumVisualStudioVersion = 10.0.40219.1
Project("{2150E333-8FDC-42A3-9474-1A3956D46DE8}") = "Sample", "Sample", "{2D8C9682-D48A-4494-A5E9-03DAB0C855F9}"
EndProject
Project("{2150E333-8FDC-42A3-9474-1A3956D46DE8}") = "Core", "Core", "{42F61BC4-05F7-481C-9E71-CBB1379743F1}"
EndProject
Project("{9A19103F-16F7-4668-BE54-9A1E7A4F7556}") = "Agebull.Common.Extend.Core", "src\Core\Extend\Agebull.Common.Extend.Core.csproj", "{A764513D-AFA2-4D94-9DE6-57560BDD50D4}"
EndProject
Project("{9A19103F-16F7-4668-BE54-9A1E7A4F7556}") = "Agebull.Common.LogRecorder", "src\Core\LogRecorder\Agebull.Common.LogRecorder.csproj", "{00FE6145-872D-4104-9AC6-16E7F7130714}"
EndProject
Project("{9A19103F-16F7-4668-BE54-9A1E7A4F7556}") = "ZeroTeam.MessageMVC.Abstractions", "src\Core\Abstractions\ZeroTeam.MessageMVC.Abstractions.csproj", "{2D58330E-DAA8-47FA-8F1A-FB23939410E2}"
EndProject
Project("{9A19103F-16F7-4668-BE54-9A1E7A4F7556}") = "ZeroTeam.MessageMVC.Core", "src\Core\Core\ZeroTeam.MessageMVC.Core.csproj", "{A2DA2095-4839-4728-A09F-B11503447397}"
EndProject
Project("{2150E333-8FDC-42A3-9474-1A3956D46DE8}") = "Redis", "Redis", "{8414FBB0-0A30-4BA1-8533-4B85C25F6646}"
EndProject
Project("{9A19103F-16F7-4668-BE54-9A1E7A4F7556}") = "ZeroTeam.MessageMVC.RedisMQ", "src\Redis\RedisMQ\ZeroTeam.MessageMVC.RedisMQ.csproj", "{3108F013-2BD0-4102-8111-735A21BF699A}"
EndProject
Project("{2150E333-8FDC-42A3-9474-1A3956D46DE8}") = "HTTP", "HTTP", "{A5DD66A3-2EAA-4BFB-982B-0E389F6D3472}"
EndProject
Project("{2150E333-8FDC-42A3-9474-1A3956D46DE8}") = "Kafka", "Kafka", "{20E01ACF-7482-44DF-BF1F-C0E84F1FDA94}"
EndProject
Project("{9A19103F-16F7-4668-BE54-9A1E7A4F7556}") = "ZeroTeam.MessageMVC.Kafka", "src\Kafka\ZeroTeam.MessageMVC.Kafka.csproj", "{7F55C63D-C3D5-4EE2-8F72-671C644EF04B}"
EndProject
Project("{9A19103F-16F7-4668-BE54-9A1E7A4F7556}") = "ILTest", "src\Test\ILTest\ILTest.csproj", "{AD71E492-D611-420A-B4E7-67DF2AC774B9}"
EndProject
Project("{9A19103F-16F7-4668-BE54-9A1E7A4F7556}") = "ZeroTeam.MessageMVC.Http", "src\Http\ZeroTeam.MessageMVC.Http.csproj", "{B06D5D4D-C895-461D-91EE-142EEB1B2FA0}"
EndProject
Project("{9A19103F-16F7-4668-BE54-9A1E7A4F7556}") = "ZeroTeam.MessageMVC.Http.Sample", "src\Test\Http\ZeroTeam.MessageMVC.Http.Sample.csproj", "{8C189721-5B46-4E16-AA39-9228DDD66590}"
EndProject
Project("{FAE04EC0-301F-11D3-BF4B-00C04F79EFBC}") = "MsMVC", "src\Test\MsMVC\MsMVC.csproj", "{CDF33313-D484-4B25-8E3C-86C0DE0A957F}"
EndProject
Global
	GlobalSection(SolutionConfigurationPlatforms) = preSolution
		Debug|Any CPU = Debug|Any CPU
		Release|Any CPU = Release|Any CPU
	EndGlobalSection
	GlobalSection(ProjectConfigurationPlatforms) = postSolution
		{A764513D-AFA2-4D94-9DE6-57560BDD50D4}.Debug|Any CPU.ActiveCfg = Debug|Any CPU
		{A764513D-AFA2-4D94-9DE6-57560BDD50D4}.Debug|Any CPU.Build.0 = Debug|Any CPU
		{A764513D-AFA2-4D94-9DE6-57560BDD50D4}.Release|Any CPU.ActiveCfg = Release|Any CPU
		{A764513D-AFA2-4D94-9DE6-57560BDD50D4}.Release|Any CPU.Build.0 = Release|Any CPU
		{00FE6145-872D-4104-9AC6-16E7F7130714}.Debug|Any CPU.ActiveCfg = Debug|Any CPU
		{00FE6145-872D-4104-9AC6-16E7F7130714}.Debug|Any CPU.Build.0 = Debug|Any CPU
		{00FE6145-872D-4104-9AC6-16E7F7130714}.Release|Any CPU.ActiveCfg = Release|Any CPU
		{00FE6145-872D-4104-9AC6-16E7F7130714}.Release|Any CPU.Build.0 = Release|Any CPU
		{2D58330E-DAA8-47FA-8F1A-FB23939410E2}.Debug|Any CPU.ActiveCfg = Debug|Any CPU
		{2D58330E-DAA8-47FA-8F1A-FB23939410E2}.Debug|Any CPU.Build.0 = Debug|Any CPU
		{2D58330E-DAA8-47FA-8F1A-FB23939410E2}.Release|Any CPU.ActiveCfg = Release|Any CPU
		{2D58330E-DAA8-47FA-8F1A-FB23939410E2}.Release|Any CPU.Build.0 = Release|Any CPU
		{A2DA2095-4839-4728-A09F-B11503447397}.Debug|Any CPU.ActiveCfg = Debug|Any CPU
		{A2DA2095-4839-4728-A09F-B11503447397}.Debug|Any CPU.Build.0 = Debug|Any CPU
		{A2DA2095-4839-4728-A09F-B11503447397}.Release|Any CPU.ActiveCfg = Release|Any CPU
		{A2DA2095-4839-4728-A09F-B11503447397}.Release|Any CPU.Build.0 = Release|Any CPU
		{3108F013-2BD0-4102-8111-735A21BF699A}.Debug|Any CPU.ActiveCfg = Debug|Any CPU
		{3108F013-2BD0-4102-8111-735A21BF699A}.Debug|Any CPU.Build.0 = Debug|Any CPU
		{3108F013-2BD0-4102-8111-735A21BF699A}.Release|Any CPU.ActiveCfg = Release|Any CPU
		{3108F013-2BD0-4102-8111-735A21BF699A}.Release|Any CPU.Build.0 = Release|Any CPU
		{7F55C63D-C3D5-4EE2-8F72-671C644EF04B}.Debug|Any CPU.ActiveCfg = Debug|Any CPU
		{7F55C63D-C3D5-4EE2-8F72-671C644EF04B}.Debug|Any CPU.Build.0 = Debug|Any CPU
		{7F55C63D-C3D5-4EE2-8F72-671C644EF04B}.Release|Any CPU.ActiveCfg = Release|Any CPU
		{7F55C63D-C3D5-4EE2-8F72-671C644EF04B}.Release|Any CPU.Build.0 = Release|Any CPU
		{AD71E492-D611-420A-B4E7-67DF2AC774B9}.Debug|Any CPU.ActiveCfg = Debug|Any CPU
		{AD71E492-D611-420A-B4E7-67DF2AC774B9}.Debug|Any CPU.Build.0 = Debug|Any CPU
		{AD71E492-D611-420A-B4E7-67DF2AC774B9}.Release|Any CPU.ActiveCfg = Release|Any CPU
		{AD71E492-D611-420A-B4E7-67DF2AC774B9}.Release|Any CPU.Build.0 = Release|Any CPU
		{B06D5D4D-C895-461D-91EE-142EEB1B2FA0}.Debug|Any CPU.ActiveCfg = Debug|Any CPU
		{B06D5D4D-C895-461D-91EE-142EEB1B2FA0}.Debug|Any CPU.Build.0 = Debug|Any CPU
		{B06D5D4D-C895-461D-91EE-142EEB1B2FA0}.Release|Any CPU.ActiveCfg = Release|Any CPU
		{B06D5D4D-C895-461D-91EE-142EEB1B2FA0}.Release|Any CPU.Build.0 = Release|Any CPU
		{8C189721-5B46-4E16-AA39-9228DDD66590}.Debug|Any CPU.ActiveCfg = Debug|Any CPU
		{8C189721-5B46-4E16-AA39-9228DDD66590}.Debug|Any CPU.Build.0 = Debug|Any CPU
		{8C189721-5B46-4E16-AA39-9228DDD66590}.Release|Any CPU.ActiveCfg = Release|Any CPU
		{8C189721-5B46-4E16-AA39-9228DDD66590}.Release|Any CPU.Build.0 = Release|Any CPU
		{CDF33313-D484-4B25-8E3C-86C0DE0A957F}.Debug|Any CPU.ActiveCfg = Debug|Any CPU
		{CDF33313-D484-4B25-8E3C-86C0DE0A957F}.Debug|Any CPU.Build.0 = Debug|Any CPU
		{CDF33313-D484-4B25-8E3C-86C0DE0A957F}.Release|Any CPU.ActiveCfg = Release|Any CPU
		{CDF33313-D484-4B25-8E3C-86C0DE0A957F}.Release|Any CPU.Build.0 = Release|Any CPU
	EndGlobalSection
	GlobalSection(SolutionProperties) = preSolution
		HideSolutionNode = FALSE
	EndGlobalSection
	GlobalSection(NestedProjects) = preSolution
		{A764513D-AFA2-4D94-9DE6-57560BDD50D4} = {42F61BC4-05F7-481C-9E71-CBB1379743F1}
		{00FE6145-872D-4104-9AC6-16E7F7130714} = {42F61BC4-05F7-481C-9E71-CBB1379743F1}
		{2D58330E-DAA8-47FA-8F1A-FB23939410E2} = {42F61BC4-05F7-481C-9E71-CBB1379743F1}
		{A2DA2095-4839-4728-A09F-B11503447397} = {42F61BC4-05F7-481C-9E71-CBB1379743F1}
		{3108F013-2BD0-4102-8111-735A21BF699A} = {8414FBB0-0A30-4BA1-8533-4B85C25F6646}
		{7F55C63D-C3D5-4EE2-8F72-671C644EF04B} = {20E01ACF-7482-44DF-BF1F-C0E84F1FDA94}
		{AD71E492-D611-420A-B4E7-67DF2AC774B9} = {2D8C9682-D48A-4494-A5E9-03DAB0C855F9}
		{B06D5D4D-C895-461D-91EE-142EEB1B2FA0} = {A5DD66A3-2EAA-4BFB-982B-0E389F6D3472}
		{8C189721-5B46-4E16-AA39-9228DDD66590} = {2D8C9682-D48A-4494-A5E9-03DAB0C855F9}
		{CDF33313-D484-4B25-8E3C-86C0DE0A957F} = {2D8C9682-D48A-4494-A5E9-03DAB0C855F9}
	EndGlobalSection
	GlobalSection(ExtensibilityGlobals) = postSolution
		SolutionGuid = {866CE928-6325-4962-BB28-9A3BAF4BBCD1}
	EndGlobalSection
EndGlobal
