
Microsoft Visual Studio Solution File, Format Version 12.00
# Visual Studio Version 16
VisualStudioVersion = 16.0.30011.22
MinimumVisualStudioVersion = 10.0.40219.1
Project("{9A19103F-16F7-4668-BE54-9A1E7A4F7556}") = "ZeroTeam.MessageMVC.MVVM", "Mvvm\ZeroTeam.MessageMVC.MVVM.csproj", "{4772E7BF-2D11-4B94-AA1E-0BDEFA092DE0}"
EndProject
Project("{9A19103F-16F7-4668-BE54-9A1E7A4F7556}") = "MessageMVC.Wpf.Sample.App", "Sample\MessageMVC.Wpf.Sample.App.csproj", "{D7DAF1FA-2FED-488B-8713-F426E67D924C}"
EndProject
Project("{9A19103F-16F7-4668-BE54-9A1E7A4F7556}") = "MessageMVC.Wpf.Sample.Model", "Model\MessageMVC.Wpf.Sample.Model.csproj", "{BA03FB46-4D89-4726-B09D-01200F95BCBC}"
EndProject
Global
	GlobalSection(SolutionConfigurationPlatforms) = preSolution
		Debug|Any CPU = Debug|Any CPU
		Release|Any CPU = Release|Any CPU
	EndGlobalSection
	GlobalSection(ProjectConfigurationPlatforms) = postSolution
		{4772E7BF-2D11-4B94-AA1E-0BDEFA092DE0}.Debug|Any CPU.ActiveCfg = Debug|Any CPU
		{4772E7BF-2D11-4B94-AA1E-0BDEFA092DE0}.Debug|Any CPU.Build.0 = Debug|Any CPU
		{4772E7BF-2D11-4B94-AA1E-0BDEFA092DE0}.Release|Any CPU.ActiveCfg = Release|Any CPU
		{4772E7BF-2D11-4B94-AA1E-0BDEFA092DE0}.Release|Any CPU.Build.0 = Release|Any CPU
		{D7DAF1FA-2FED-488B-8713-F426E67D924C}.Debug|Any CPU.ActiveCfg = Debug|Any CPU
		{D7DAF1FA-2FED-488B-8713-F426E67D924C}.Debug|Any CPU.Build.0 = Debug|Any CPU
		{D7DAF1FA-2FED-488B-8713-F426E67D924C}.Release|Any CPU.ActiveCfg = Release|Any CPU
		{D7DAF1FA-2FED-488B-8713-F426E67D924C}.Release|Any CPU.Build.0 = Release|Any CPU
		{BA03FB46-4D89-4726-B09D-01200F95BCBC}.Debug|Any CPU.ActiveCfg = Debug|Any CPU
		{BA03FB46-4D89-4726-B09D-01200F95BCBC}.Debug|Any CPU.Build.0 = Debug|Any CPU
		{BA03FB46-4D89-4726-B09D-01200F95BCBC}.Release|Any CPU.ActiveCfg = Release|Any CPU
		{BA03FB46-4D89-4726-B09D-01200F95BCBC}.Release|Any CPU.Build.0 = Release|Any CPU
	EndGlobalSection
	GlobalSection(SolutionProperties) = preSolution
		HideSolutionNode = FALSE
	EndGlobalSection
	GlobalSection(ExtensibilityGlobals) = postSolution
		SolutionGuid = {C391EE12-BC9E-4177-9E00-FA5188F5C3EA}
	EndGlobalSection
EndGlobal
